
Microsoft Visual Studio Solution File, Format Version 12.00
# Visual Studio Version 17
VisualStudioVersion = 17.0.31912.275
MinimumVisualStudioVersion = 10.0.40219.1
Project("{FAE04EC0-301F-11D3-BF4B-00C04F79EFBC}") = "QUANLYKHACHSAN", "QUANLYKHACHSAN\QUANLYKHACHSAN.csproj", "{E57A64CC-4CAB-47FF-8234-769FD6D2F255}"
EndProject
Project("{54435603-DBB4-11D2-8724-00A0C9A8B90C}") = "Setup", "Setup\Setup.vdproj", "{F7779370-E116-442A-8058-8B4ACFCEDCF7}"
EndProject
Global
	GlobalSection(SolutionConfigurationPlatforms) = preSolution
		Debug|Any CPU = Debug|Any CPU
		Release|Any CPU = Release|Any CPU
	EndGlobalSection
	GlobalSection(ProjectConfigurationPlatforms) = postSolution
		{E57A64CC-4CAB-47FF-8234-769FD6D2F255}.Debug|Any CPU.ActiveCfg = Debug|Any CPU
		{E57A64CC-4CAB-47FF-8234-769FD6D2F255}.Debug|Any CPU.Build.0 = Debug|Any CPU
		{E57A64CC-4CAB-47FF-8234-769FD6D2F255}.Release|Any CPU.ActiveCfg = Release|Any CPU
		{E57A64CC-4CAB-47FF-8234-769FD6D2F255}.Release|Any CPU.Build.0 = Release|Any CPU
		{F7779370-E116-442A-8058-8B4ACFCEDCF7}.Debug|Any CPU.ActiveCfg = Debug
		{F7779370-E116-442A-8058-8B4ACFCEDCF7}.Release|Any CPU.ActiveCfg = Release
	EndGlobalSection
	GlobalSection(SolutionProperties) = preSolution
		HideSolutionNode = FALSE
	EndGlobalSection
	GlobalSection(ExtensibilityGlobals) = postSolution
		SolutionGuid = {3732EC2B-B8BD-4890-8FC9-BB8A23141ED9}
	EndGlobalSection
EndGlobal
